// !$*UTF8*$!
{
	archiveVersion = 1;
	classes = {
	};
	objectVersion = 50;
	objects = {

/* Begin PBXBuildFile section */
		649132EF23CB0E3A00F6DABA /* AppDelegate.swift in Sources */ = {isa = PBXBuildFile; fileRef = 649132EE23CB0E3A00F6DABA /* AppDelegate.swift */; };
		649132F323CB0E3A00F6DABA /* ViewController.swift in Sources */ = {isa = PBXBuildFile; fileRef = 649132F223CB0E3A00F6DABA /* ViewController.swift */; };
		649132F623CB0E3A00F6DABA /* Main.storyboard in Resources */ = {isa = PBXBuildFile; fileRef = 649132F423CB0E3A00F6DABA /* Main.storyboard */; };
		649132F823CB0E4000F6DABA /* Assets.xcassets in Resources */ = {isa = PBXBuildFile; fileRef = 649132F723CB0E4000F6DABA /* Assets.xcassets */; };
		649132FB23CB0E4000F6DABA /* LaunchScreen.storyboard in Resources */ = {isa = PBXBuildFile; fileRef = 649132F923CB0E4000F6DABA /* LaunchScreen.storyboard */; };
		6491330323CB335500F6DABA /* TrendingResponse.swift in Sources */ = {isa = PBXBuildFile; fileRef = 6491330223CB335500F6DABA /* TrendingResponse.swift */; };
		6491330523CB344800F6DABA /* ObjectResponse.swift in Sources */ = {isa = PBXBuildFile; fileRef = 6491330423CB344800F6DABA /* ObjectResponse.swift */; };
/* End PBXBuildFile section */

/* Begin PBXFileReference section */
		649132EB23CB0E3A00F6DABA /* Test Task @ iOS Developer | Offerwall.app */ = {isa = PBXFileReference; explicitFileType = wrapper.application; includeInIndex = 0; path = "Test Task @ iOS Developer | Offerwall.app"; sourceTree = BUILT_PRODUCTS_DIR; };
		649132EE23CB0E3A00F6DABA /* AppDelegate.swift */ = {isa = PBXFileReference; lastKnownFileType = sourcecode.swift; path = AppDelegate.swift; sourceTree = "<group>"; };
		649132F223CB0E3A00F6DABA /* ViewController.swift */ = {isa = PBXFileReference; lastKnownFileType = sourcecode.swift; path = ViewController.swift; sourceTree = "<group>"; };
		649132F523CB0E3A00F6DABA /* Base */ = {isa = PBXFileReference; lastKnownFileType = file.storyboard; name = Base; path = Base.lproj/Main.storyboard; sourceTree = "<group>"; };
		649132F723CB0E4000F6DABA /* Assets.xcassets */ = {isa = PBXFileReference; lastKnownFileType = folder.assetcatalog; path = Assets.xcassets; sourceTree = "<group>"; };
		649132FA23CB0E4000F6DABA /* Base */ = {isa = PBXFileReference; lastKnownFileType = file.storyboard; name = Base; path = Base.lproj/LaunchScreen.storyboard; sourceTree = "<group>"; };
		649132FC23CB0E4000F6DABA /* Info.plist */ = {isa = PBXFileReference; lastKnownFileType = text.plist.xml; path = Info.plist; sourceTree = "<group>"; };
		6491330223CB335500F6DABA /* TrendingResponse.swift */ = {isa = PBXFileReference; lastKnownFileType = sourcecode.swift; path = TrendingResponse.swift; sourceTree = "<group>"; };
		6491330423CB344800F6DABA /* ObjectResponse.swift */ = {isa = PBXFileReference; lastKnownFileType = sourcecode.swift; path = ObjectResponse.swift; sourceTree = "<group>"; };
/* End PBXFileReference section */

/* Begin PBXFrameworksBuildPhase section */
		649132E823CB0E3A00F6DABA /* Frameworks */ = {
			isa = PBXFrameworksBuildPhase;
			buildActionMask = 2147483647;
			files = (
			);
			runOnlyForDeploymentPostprocessing = 0;
		};
/* End PBXFrameworksBuildPhase section */

/* Begin PBXGroup section */
		649132E223CB0E3A00F6DABA = {
			isa = PBXGroup;
			children = (
				649132ED23CB0E3A00F6DABA /* Test Task @ iOS Developer | Offerwall */,
				649132EC23CB0E3A00F6DABA /* Products */,
			);
			sourceTree = "<group>";
		};
		649132EC23CB0E3A00F6DABA /* Products */ = {
			isa = PBXGroup;
			children = (
				649132EB23CB0E3A00F6DABA /* Test Task @ iOS Developer | Offerwall.app */,
			);
			name = Products;
			sourceTree = "<group>";
		};
		649132ED23CB0E3A00F6DABA /* Test Task @ iOS Developer | Offerwall */ = {
			isa = PBXGroup;
			children = (
				649132EE23CB0E3A00F6DABA /* AppDelegate.swift */,
				649132F223CB0E3A00F6DABA /* ViewController.swift */,
				6491330623CB358D00F6DABA /* Model */,
				649132F423CB0E3A00F6DABA /* Main.storyboard */,
				649132F723CB0E4000F6DABA /* Assets.xcassets */,
				649132F923CB0E4000F6DABA /* LaunchScreen.storyboard */,
				649132FC23CB0E4000F6DABA /* Info.plist */,
			);
			path = "Test Task @ iOS Developer | Offerwall";
			sourceTree = "<group>";
		};
		6491330623CB358D00F6DABA /* Model */ = {
			isa = PBXGroup;
			children = (
				6491330223CB335500F6DABA /* TrendingResponse.swift */,
				6491330423CB344800F6DABA /* ObjectResponse.swift */,
			);
			path = Model;
			sourceTree = "<group>";
		};
/* End PBXGroup section */

/* Begin PBXNativeTarget section */
		649132EA23CB0E3A00F6DABA /* Test Task @ iOS Developer | Offerwall */ = {
			isa = PBXNativeTarget;
			buildConfigurationList = 649132FF23CB0E4000F6DABA /* Build configuration list for PBXNativeTarget "Test Task @ iOS Developer | Offerwall" */;
			buildPhases = (
				649132E723CB0E3A00F6DABA /* Sources */,
				649132E823CB0E3A00F6DABA /* Frameworks */,
				649132E923CB0E3A00F6DABA /* Resources */,
			);
			buildRules = (
			);
			dependencies = (
			);
			name = "Test Task @ iOS Developer | Offerwall";
			productName = "Test Task @ iOS Developer | Offerwall";
			productReference = 649132EB23CB0E3A00F6DABA /* Test Task @ iOS Developer | Offerwall.app */;
			productType = "com.apple.product-type.application";
		};
/* End PBXNativeTarget section */

/* Begin PBXProject section */
		649132E323CB0E3A00F6DABA /* Project object */ = {
			isa = PBXProject;
			attributes = {
				LastSwiftUpdateCheck = 1130;
				LastUpgradeCheck = 1130;
				ORGANIZATIONNAME = "Stas Shetko";
				TargetAttributes = {
					649132EA23CB0E3A00F6DABA = {
						CreatedOnToolsVersion = 11.3;
					};
				};
			};
			buildConfigurationList = 649132E623CB0E3A00F6DABA /* Build configuration list for PBXProject "Test Task @ iOS Developer | Offerwall" */;
			compatibilityVersion = "Xcode 9.3";
			developmentRegion = en;
			hasScannedForEncodings = 0;
			knownRegions = (
				en,
				Base,
			);
			mainGroup = 649132E223CB0E3A00F6DABA;
			productRefGroup = 649132EC23CB0E3A00F6DABA /* Products */;
			projectDirPath = "";
			projectRoot = "";
			targets = (
				649132EA23CB0E3A00F6DABA /* Test Task @ iOS Developer | Offerwall */,
			);
		};
/* End PBXProject section */

/* Begin PBXResourcesBuildPhase section */
		649132E923CB0E3A00F6DABA /* Resources */ = {
			isa = PBXResourcesBuildPhase;
			buildActionMask = 2147483647;
			files = (
				649132FB23CB0E4000F6DABA /* LaunchScreen.storyboard in Resources */,
				649132F823CB0E4000F6DABA /* Assets.xcassets in Resources */,
				649132F623CB0E3A00F6DABA /* Main.storyboard in Resources */,
			);
			runOnlyForDeploymentPostprocessing = 0;
		};
/* End PBXResourcesBuildPhase section */

/* Begin PBXSourcesBuildPhase section */
		649132E723CB0E3A00F6DABA /* Sources */ = {
			isa = PBXSourcesBuildPhase;
			buildActionMask = 2147483647;
			files = (
				6491330323CB335500F6DABA /* TrendingResponse.swift in Sources */,
				6491330523CB344800F6DABA /* ObjectResponse.swift in Sources */,
				649132F323CB0E3A00F6DABA /* ViewController.swift in Sources */,
				649132EF23CB0E3A00F6DABA /* AppDelegate.swift in Sources */,
			);
			runOnlyForDeploymentPostprocessing = 0;
		};
/* End PBXSourcesBuildPhase section */

/* Begin PBXVariantGroup section */
		649132F423CB0E3A00F6DABA /* Main.storyboard */ = {
			isa = PBXVariantGroup;
			children = (
				649132F523CB0E3A00F6DABA /* Base */,
			);
			name = Main.storyboard;
			sourceTree = "<group>";
		};
		649132F923CB0E4000F6DABA /* LaunchScreen.storyboard */ = {
			isa = PBXVariantGroup;
			children = (
				649132FA23CB0E4000F6DABA /* Base */,
			);
			name = LaunchScreen.storyboard;
			sourceTree = "<group>";
		};
/* End PBXVariantGroup section */

/* Begin XCBuildConfiguration section */
		649132FD23CB0E4000F6DABA /* Debug */ = {
			isa = XCBuildConfiguration;
			buildSettings = {
				ALWAYS_SEARCH_USER_PATHS = NO;
				CLANG_ANALYZER_NONNULL = YES;
				CLANG_ANALYZER_NUMBER_OBJECT_CONVERSION = YES_AGGRESSIVE;
				CLANG_CXX_LANGUAGE_STANDARD = "gnu++14";
				CLANG_CXX_LIBRARY = "libc++";
				CLANG_ENABLE_MODULES = YES;
				CLANG_ENABLE_OBJC_ARC = YES;
				CLANG_ENABLE_OBJC_WEAK = YES;
				CLANG_WARN_BLOCK_CAPTURE_AUTORELEASING = YES;
				CLANG_WARN_BOOL_CONVERSION = YES;
				CLANG_WARN_COMMA = YES;
				CLANG_WARN_CONSTANT_CONVERSION = YES;
				CLANG_WARN_DEPRECATED_OBJC_IMPLEMENTATIONS = YES;
				CLANG_WARN_DIRECT_OBJC_ISA_USAGE = YES_ERROR;
				CLANG_WARN_DOCUMENTATION_COMMENTS = YES;
				CLANG_WARN_EMPTY_BODY = YES;
				CLANG_WARN_ENUM_CONVERSION = YES;
				CLANG_WARN_INFINITE_RECURSION = YES;
				CLANG_WARN_INT_CONVERSION = YES;
				CLANG_WARN_NON_LITERAL_NULL_CONVERSION = YES;
				CLANG_WARN_OBJC_IMPLICIT_RETAIN_SELF = YES;
				CLANG_WARN_OBJC_LITERAL_CONVERSION = YES;
				CLANG_WARN_OBJC_ROOT_CLASS = YES_ERROR;
				CLANG_WARN_RANGE_LOOP_ANALYSIS = YES;
				CLANG_WARN_STRICT_PROTOTYPES = YES;
				CLANG_WARN_SUSPICIOUS_MOVE = YES;
				CLANG_WARN_UNGUARDED_AVAILABILITY = YES_AGGRESSIVE;
				CLANG_WARN_UNREACHABLE_CODE = YES;
				CLANG_WARN__DUPLICATE_METHOD_MATCH = YES;
				COPY_PHASE_STRIP = NO;
				DEBUG_INFORMATION_FORMAT = dwarf;
				ENABLE_STRICT_OBJC_MSGSEND = YES;
				ENABLE_TESTABILITY = YES;
				GCC_C_LANGUAGE_STANDARD = gnu11;
				GCC_DYNAMIC_NO_PIC = NO;
				GCC_NO_COMMON_BLOCKS = YES;
				GCC_OPTIMIZATION_LEVEL = 0;
				GCC_PREPROCESSOR_DEFINITIONS = (
					"DEBUG=1",
					"$(inherited)",
				);
				GCC_WARN_64_TO_32_BIT_CONVERSION = YES;
				GCC_WARN_ABOUT_RETURN_TYPE = YES_ERROR;
				GCC_WARN_UNDECLARED_SELECTOR = YES;
				GCC_WARN_UNINITIALIZED_AUTOS = YES_AGGRESSIVE;
				GCC_WARN_UNUSED_FUNCTION = YES;
				GCC_WARN_UNUSED_VARIABLE = YES;
				IPHONEOS_DEPLOYMENT_TARGET = 13.2;
				MTL_ENABLE_DEBUG_INFO = INCLUDE_SOURCE;
				MTL_FAST_MATH = YES;
				ONLY_ACTIVE_ARCH = YES;
				SDKROOT = iphoneos;
				SWIFT_ACTIVE_COMPILATION_CONDITIONS = DEBUG;
				SWIFT_OPTIMIZATION_LEVEL = "-Onone";
			};
			name = Debug;
		};
		649132FE23CB0E4000F6DABA /* Release */ = {
			isa = XCBuildConfiguration;
			buildSettings = {
				ALWAYS_SEARCH_USER_PATHS = NO;
				CLANG_ANALYZER_NONNULL = YES;
				CLANG_ANALYZER_NUMBER_OBJECT_CONVERSION = YES_AGGRESSIVE;
				CLANG_CXX_LANGUAGE_STANDARD = "gnu++14";
				CLANG_CXX_LIBRARY = "libc++";
				CLANG_ENABLE_MODULES = YES;
				CLANG_ENABLE_OBJC_ARC = YES;
				CLANG_ENABLE_OBJC_WEAK = YES;
				CLANG_WARN_BLOCK_CAPTURE_AUTORELEASING = YES;
				CLANG_WARN_BOOL_CONVERSION = YES;
				CLANG_WARN_COMMA = YES;
				CLANG_WARN_CONSTANT_CONVERSION = YES;
				CLANG_WARN_DEPRECATED_OBJC_IMPLEMENTATIONS = YES;
				CLANG_WARN_DIRECT_OBJC_ISA_USAGE = YES_ERROR;
				CLANG_WARN_DOCUMENTATION_COMMENTS = YES;
				CLANG_WARN_EMPTY_BODY = YES;
				CLANG_WARN_ENUM_CONVERSION = YES;
				CLANG_WARN_INFINITE_RECURSION = YES;
				CLANG_WARN_INT_CONVERSION = YES;
				CLANG_WARN_NON_LITERAL_NULL_CONVERSION = YES;
				CLANG_WARN_OBJC_IMPLICIT_RETAIN_SELF = YES;
				CLANG_WARN_OBJC_LITERAL_CONVERSION = YES;
				CLANG_WARN_OBJC_ROOT_CLASS = YES_ERROR;
				CLANG_WARN_RANGE_LOOP_ANALYSIS = YES;
				CLANG_WARN_STRICT_PROTOTYPES = YES;
				CLANG_WARN_SUSPICIOUS_MOVE = YES;
				CLANG_WARN_UNGUARDED_AVAILABILITY = YES_AGGRESSIVE;
				CLANG_WARN_UNREACHABLE_CODE = YES;
				CLANG_WARN__DUPLICATE_METHOD_MATCH = YES;
				COPY_PHASE_STRIP = NO;
				DEBUG_INFORMATION_FORMAT = "dwarf-with-dsym";
				ENABLE_NS_ASSERTIONS = NO;
				ENABLE_STRICT_OBJC_MSGSEND = YES;
				GCC_C_LANGUAGE_STANDARD = gnu11;
				GCC_NO_COMMON_BLOCKS = YES;
				GCC_WARN_64_TO_32_BIT_CONVERSION = YES;
				GCC_WARN_ABOUT_RETURN_TYPE = YES_ERROR;
				GCC_WARN_UNDECLARED_SELECTOR = YES;
				GCC_WARN_UNINITIALIZED_AUTOS = YES_AGGRESSIVE;
				GCC_WARN_UNUSED_FUNCTION = YES;
				GCC_WARN_UNUSED_VARIABLE = YES;
				IPHONEOS_DEPLOYMENT_TARGET = 13.2;
				MTL_ENABLE_DEBUG_INFO = NO;
				MTL_FAST_MATH = YES;
				SDKROOT = iphoneos;
				SWIFT_COMPILATION_MODE = wholemodule;
				SWIFT_OPTIMIZATION_LEVEL = "-O";
				VALIDATE_PRODUCT = YES;
			};
			name = Release;
		};
		6491330023CB0E4000F6DABA /* Debug */ = {
			isa = XCBuildConfiguration;
			buildSettings = {
				ASSETCATALOG_COMPILER_APPICON_NAME = AppIcon;
				CODE_SIGN_STYLE = Automatic;
				INFOPLIST_FILE = "Test Task @ iOS Developer | Offerwall/Info.plist";
				IPHONEOS_DEPLOYMENT_TARGET = 12.4;
				LD_RUNPATH_SEARCH_PATHS = (
					"$(inherited)",
					"@executable_path/Frameworks",
				);
				PRODUCT_BUNDLE_IDENTIFIER = "com.stasshetko.Test-Task---iOS-Developer---Offerwall";
				PRODUCT_NAME = "$(TARGET_NAME)";
				SWIFT_VERSION = 5.0;
				TARGETED_DEVICE_FAMILY = 1;
			};
			name = Debug;
		};
		6491330123CB0E4000F6DABA /* Release */ = {
			isa = XCBuildConfiguration;
			buildSettings = {
				ASSETCATALOG_COMPILER_APPICON_NAME = AppIcon;
				CODE_SIGN_STYLE = Automatic;
				INFOPLIST_FILE = "Test Task @ iOS Developer | Offerwall/Info.plist";
				IPHONEOS_DEPLOYMENT_TARGET = 12.4;
				LD_RUNPATH_SEARCH_PATHS = (
					"$(inherited)",
					"@executable_path/Frameworks",
				);
				PRODUCT_BUNDLE_IDENTIFIER = "com.stasshetko.Test-Task---iOS-Developer---Offerwall";
				PRODUCT_NAME = "$(TARGET_NAME)";
				SWIFT_VERSION = 5.0;
				TARGETED_DEVICE_FAMILY = 1;
			};
			name = Release;
		};
/* End XCBuildConfiguration section */

/* Begin XCConfigurationList section */
		649132E623CB0E3A00F6DABA /* Build configuration list for PBXProject "Test Task @ iOS Developer | Offerwall" */ = {
			isa = XCConfigurationList;
			buildConfigurations = (
				649132FD23CB0E4000F6DABA /* Debug */,
				649132FE23CB0E4000F6DABA /* Release */,
			);
			defaultConfigurationIsVisible = 0;
			defaultConfigurationName = Release;
		};
		649132FF23CB0E4000F6DABA /* Build configuration list for PBXNativeTarget "Test Task @ iOS Developer | Offerwall" */ = {
			isa = XCConfigurationList;
			buildConfigurations = (
				6491330023CB0E4000F6DABA /* Debug */,
				6491330123CB0E4000F6DABA /* Release */,
			);
			defaultConfigurationIsVisible = 0;
			defaultConfigurationName = Release;
		};
/* End XCConfigurationList section */
	};
	rootObject = 649132E323CB0E3A00F6DABA /* Project object */;
}
